// !$*UTF8*$!
{
	archiveVersion = 1;
	classes = {
	};
	objectVersion = 56;
	objects = {

/* Begin PBXBuildFile section */
		1417F7742C4FD7B400EAE70D /* StoriesView.swift in Sources */ = {isa = PBXBuildFile; fileRef = 1417F7732C4FD7B400EAE70D /* StoriesView.swift */; };
		1417F7782C4FE01100EAE70D /* TranslateView.swift in Sources */ = {isa = PBXBuildFile; fileRef = 1417F7772C4FE01000EAE70D /* TranslateView.swift */; };
		1431254F2C4AC5C700B6FF7C /* LessonsView.swift in Sources */ = {isa = PBXBuildFile; fileRef = 1431254E2C4AC5C600B6FF7C /* LessonsView.swift */; };
		143125512C4AE66900B6FF7C /* LessonView.swift in Sources */ = {isa = PBXBuildFile; fileRef = 143125502C4AE66900B6FF7C /* LessonView.swift */; };
		143125532C4B106800B6FF7C /* DictionaryView.swift in Sources */ = {isa = PBXBuildFile; fileRef = 143125522C4B106800B6FF7C /* DictionaryView.swift */; };
		143125572C4B247F00B6FF7C /* PracticeView.swift in Sources */ = {isa = PBXBuildFile; fileRef = 143125562C4B247F00B6FF7C /* PracticeView.swift */; };
		1441AE462C2B3B17009D24CB /* SettingsView.swift in Sources */ = {isa = PBXBuildFile; fileRef = 1441AE452C2B3B17009D24CB /* SettingsView.swift */; };
		149418B92BF3EA000008CA86 /* baybayinApp.swift in Sources */ = {isa = PBXBuildFile; fileRef = 149418B82BF3EA000008CA86 /* baybayinApp.swift */; };
		149418BB2BF3EA000008CA86 /* ContentView.swift in Sources */ = {isa = PBXBuildFile; fileRef = 149418BA2BF3EA000008CA86 /* ContentView.swift */; };
		149418BD2BF3EA020008CA86 /* Assets.xcassets in Resources */ = {isa = PBXBuildFile; fileRef = 149418BC2BF3EA020008CA86 /* Assets.xcassets */; };
		149418C02BF3EA020008CA86 /* Preview Assets.xcassets in Resources */ = {isa = PBXBuildFile; fileRef = 149418BF2BF3EA020008CA86 /* Preview Assets.xcassets */; };
		149418CA2BF3EA020008CA86 /* baybayinTests.swift in Sources */ = {isa = PBXBuildFile; fileRef = 149418C92BF3EA020008CA86 /* baybayinTests.swift */; };
		149418D42BF3EA020008CA86 /* baybayinUITests.swift in Sources */ = {isa = PBXBuildFile; fileRef = 149418D32BF3EA020008CA86 /* baybayinUITests.swift */; };
		149418D62BF3EA020008CA86 /* baybayinUITestsLaunchTests.swift in Sources */ = {isa = PBXBuildFile; fileRef = 149418D52BF3EA020008CA86 /* baybayinUITestsLaunchTests.swift */; };
		149EB8C62C52FF3800D0C831 /* ProfileView.swift in Sources */ = {isa = PBXBuildFile; fileRef = 149EB8C52C52FF3800D0C831 /* ProfileView.swift */; };
/* End PBXBuildFile section */

/* Begin PBXContainerItemProxy section */
		149418C62BF3EA020008CA86 /* PBXContainerItemProxy */ = {
			isa = PBXContainerItemProxy;
			containerPortal = 149418AD2BF3EA000008CA86 /* Project object */;
			proxyType = 1;
			remoteGlobalIDString = 149418B42BF3EA000008CA86;
			remoteInfo = baybayin;
		};
		149418D02BF3EA020008CA86 /* PBXContainerItemProxy */ = {
			isa = PBXContainerItemProxy;
			containerPortal = 149418AD2BF3EA000008CA86 /* Project object */;
			proxyType = 1;
			remoteGlobalIDString = 149418B42BF3EA000008CA86;
			remoteInfo = baybayin;
		};
/* End PBXContainerItemProxy section */

/* Begin PBXFileReference section */
		1417F7732C4FD7B400EAE70D /* StoriesView.swift */ = {isa = PBXFileReference; lastKnownFileType = sourcecode.swift; path = StoriesView.swift; sourceTree = "<group>"; };
		1417F7772C4FE01000EAE70D /* TranslateView.swift */ = {isa = PBXFileReference; lastKnownFileType = sourcecode.swift; name = TranslateView.swift; path = baybayinUITests/TranslateView.swift; sourceTree = SOURCE_ROOT; };
		1431254E2C4AC5C600B6FF7C /* LessonsView.swift */ = {isa = PBXFileReference; lastKnownFileType = sourcecode.swift; path = LessonsView.swift; sourceTree = "<group>"; };
		143125502C4AE66900B6FF7C /* LessonView.swift */ = {isa = PBXFileReference; lastKnownFileType = sourcecode.swift; path = LessonView.swift; sourceTree = "<group>"; };
		143125522C4B106800B6FF7C /* DictionaryView.swift */ = {isa = PBXFileReference; lastKnownFileType = sourcecode.swift; path = DictionaryView.swift; sourceTree = "<group>"; };
		143125562C4B247F00B6FF7C /* PracticeView.swift */ = {isa = PBXFileReference; lastKnownFileType = sourcecode.swift; path = PracticeView.swift; sourceTree = "<group>"; };
		1441AE452C2B3B17009D24CB /* SettingsView.swift */ = {isa = PBXFileReference; lastKnownFileType = sourcecode.swift; path = SettingsView.swift; sourceTree = "<group>"; };
		149418B52BF3EA000008CA86 /* baybayin.app */ = {isa = PBXFileReference; explicitFileType = wrapper.application; includeInIndex = 0; path = baybayin.app; sourceTree = BUILT_PRODUCTS_DIR; };
		149418B82BF3EA000008CA86 /* baybayinApp.swift */ = {isa = PBXFileReference; lastKnownFileType = sourcecode.swift; path = baybayinApp.swift; sourceTree = "<group>"; };
		149418BA2BF3EA000008CA86 /* ContentView.swift */ = {isa = PBXFileReference; lastKnownFileType = sourcecode.swift; path = ContentView.swift; sourceTree = "<group>"; };
		149418BC2BF3EA020008CA86 /* Assets.xcassets */ = {isa = PBXFileReference; lastKnownFileType = folder.assetcatalog; path = Assets.xcassets; sourceTree = "<group>"; };
		149418BF2BF3EA020008CA86 /* Preview Assets.xcassets */ = {isa = PBXFileReference; lastKnownFileType = folder.assetcatalog; path = "Preview Assets.xcassets"; sourceTree = "<group>"; };
		149418C52BF3EA020008CA86 /* baybayinTests.xctest */ = {isa = PBXFileReference; explicitFileType = wrapper.cfbundle; includeInIndex = 0; path = baybayinTests.xctest; sourceTree = BUILT_PRODUCTS_DIR; };
		149418C92BF3EA020008CA86 /* baybayinTests.swift */ = {isa = PBXFileReference; lastKnownFileType = sourcecode.swift; path = baybayinTests.swift; sourceTree = "<group>"; };
		149418CF2BF3EA020008CA86 /* baybayinUITests.xctest */ = {isa = PBXFileReference; explicitFileType = wrapper.cfbundle; includeInIndex = 0; path = baybayinUITests.xctest; sourceTree = BUILT_PRODUCTS_DIR; };
		149418D32BF3EA020008CA86 /* baybayinUITests.swift */ = {isa = PBXFileReference; lastKnownFileType = sourcecode.swift; path = baybayinUITests.swift; sourceTree = "<group>"; };
		149418D52BF3EA020008CA86 /* baybayinUITestsLaunchTests.swift */ = {isa = PBXFileReference; lastKnownFileType = sourcecode.swift; path = baybayinUITestsLaunchTests.swift; sourceTree = "<group>"; };
		149EB8C52C52FF3800D0C831 /* ProfileView.swift */ = {isa = PBXFileReference; lastKnownFileType = sourcecode.swift; path = ProfileView.swift; sourceTree = "<group>"; };
/* End PBXFileReference section */

/* Begin PBXFrameworksBuildPhase section */
		149418B22BF3EA000008CA86 /* Frameworks */ = {
			isa = PBXFrameworksBuildPhase;
			buildActionMask = 2147483647;
			files = (
			);
			runOnlyForDeploymentPostprocessing = 0;
		};
		149418C22BF3EA020008CA86 /* Frameworks */ = {
			isa = PBXFrameworksBuildPhase;
			buildActionMask = 2147483647;
			files = (
			);
			runOnlyForDeploymentPostprocessing = 0;
		};
		149418CC2BF3EA020008CA86 /* Frameworks */ = {
			isa = PBXFrameworksBuildPhase;
			buildActionMask = 2147483647;
			files = (
			);
			runOnlyForDeploymentPostprocessing = 0;
		};
/* End PBXFrameworksBuildPhase section */

/* Begin PBXGroup section */
		144B08FA2C303B1200F71868 /* Settings */ = {
			isa = PBXGroup;
			children = (
				1441AE452C2B3B17009D24CB /* SettingsView.swift */,
				149EB8C52C52FF3800D0C831 /* ProfileView.swift */,
			);
			path = Settings;
			sourceTree = "<group>";
		};
		149418AC2BF3E9FF0008CA86 = {
			isa = PBXGroup;
			children = (
				149418B72BF3EA000008CA86 /* baybayin */,
				149418C82BF3EA020008CA86 /* baybayinTests */,
				149418D22BF3EA020008CA86 /* baybayinUITests */,
				149418B62BF3EA000008CA86 /* Products */,
			);
			sourceTree = "<group>";
		};
		149418B62BF3EA000008CA86 /* Products */ = {
			isa = PBXGroup;
			children = (
				149418B52BF3EA000008CA86 /* baybayin.app */,
				149418C52BF3EA020008CA86 /* baybayinTests.xctest */,
				149418CF2BF3EA020008CA86 /* baybayinUITests.xctest */,
			);
			name = Products;
			sourceTree = "<group>";
		};
		149418B72BF3EA000008CA86 /* baybayin */ = {
			isa = PBXGroup;
			children = (
				1417F7772C4FE01000EAE70D /* TranslateView.swift */,
				144B08FA2C303B1200F71868 /* Settings */,
				149418B82BF3EA000008CA86 /* baybayinApp.swift */,
				149418BA2BF3EA000008CA86 /* ContentView.swift */,
				143125522C4B106800B6FF7C /* DictionaryView.swift */,
				143125562C4B247F00B6FF7C /* PracticeView.swift */,
				1431254E2C4AC5C600B6FF7C /* LessonsView.swift */,
				1417F7732C4FD7B400EAE70D /* StoriesView.swift */,
				143125502C4AE66900B6FF7C /* LessonView.swift */,
				149418BC2BF3EA020008CA86 /* Assets.xcassets */,
				149418BE2BF3EA020008CA86 /* Preview Content */,
			);
			path = baybayin;
			sourceTree = "<group>";
		};
		149418BE2BF3EA020008CA86 /* Preview Content */ = {
			isa = PBXGroup;
			children = (
				149418BF2BF3EA020008CA86 /* Preview Assets.xcassets */,
			);
			path = "Preview Content";
			sourceTree = "<group>";
		};
		149418C82BF3EA020008CA86 /* baybayinTests */ = {
			isa = PBXGroup;
			children = (
				149418C92BF3EA020008CA86 /* baybayinTests.swift */,
			);
			path = baybayinTests;
			sourceTree = "<group>";
		};
		149418D22BF3EA020008CA86 /* baybayinUITests */ = {
			isa = PBXGroup;
			children = (
				149418D32BF3EA020008CA86 /* baybayinUITests.swift */,
				149418D52BF3EA020008CA86 /* baybayinUITestsLaunchTests.swift */,
			);
			path = baybayinUITests;
			sourceTree = "<group>";
		};
/* End PBXGroup section */

/* Begin PBXNativeTarget section */
		149418B42BF3EA000008CA86 /* baybayin */ = {
			isa = PBXNativeTarget;
			buildConfigurationList = 149418D92BF3EA020008CA86 /* Build configuration list for PBXNativeTarget "baybayin" */;
			buildPhases = (
				149418B12BF3EA000008CA86 /* Sources */,
				149418B22BF3EA000008CA86 /* Frameworks */,
				149418B32BF3EA000008CA86 /* Resources */,
			);
			buildRules = (
			);
			dependencies = (
			);
			name = baybayin;
			productName = baybayin;
			productReference = 149418B52BF3EA000008CA86 /* baybayin.app */;
			productType = "com.apple.product-type.application";
		};
		149418C42BF3EA020008CA86 /* baybayinTests */ = {
			isa = PBXNativeTarget;
			buildConfigurationList = 149418DC2BF3EA020008CA86 /* Build configuration list for PBXNativeTarget "baybayinTests" */;
			buildPhases = (
				149418C12BF3EA020008CA86 /* Sources */,
				149418C22BF3EA020008CA86 /* Frameworks */,
				149418C32BF3EA020008CA86 /* Resources */,
			);
			buildRules = (
			);
			dependencies = (
				149418C72BF3EA020008CA86 /* PBXTargetDependency */,
			);
			name = baybayinTests;
			productName = baybayinTests;
			productReference = 149418C52BF3EA020008CA86 /* baybayinTests.xctest */;
			productType = "com.apple.product-type.bundle.unit-test";
		};
		149418CE2BF3EA020008CA86 /* baybayinUITests */ = {
			isa = PBXNativeTarget;
			buildConfigurationList = 149418DF2BF3EA020008CA86 /* Build configuration list for PBXNativeTarget "baybayinUITests" */;
			buildPhases = (
				149418CB2BF3EA020008CA86 /* Sources */,
				149418CC2BF3EA020008CA86 /* Frameworks */,
				149418CD2BF3EA020008CA86 /* Resources */,
			);
			buildRules = (
			);
			dependencies = (
				149418D12BF3EA020008CA86 /* PBXTargetDependency */,
			);
			name = baybayinUITests;
			productName = baybayinUITests;
			productReference = 149418CF2BF3EA020008CA86 /* baybayinUITests.xctest */;
			productType = "com.apple.product-type.bundle.ui-testing";
		};
/* End PBXNativeTarget section */

/* Begin PBXProject section */
		149418AD2BF3EA000008CA86 /* Project object */ = {
			isa = PBXProject;
			attributes = {
				BuildIndependentTargetsInParallel = 1;
				LastSwiftUpdateCheck = 1530;
				LastUpgradeCheck = 1530;
				TargetAttributes = {
					149418B42BF3EA000008CA86 = {
						CreatedOnToolsVersion = 15.3;
					};
					149418C42BF3EA020008CA86 = {
						CreatedOnToolsVersion = 15.3;
						TestTargetID = 149418B42BF3EA000008CA86;
					};
					149418CE2BF3EA020008CA86 = {
						CreatedOnToolsVersion = 15.3;
						TestTargetID = 149418B42BF3EA000008CA86;
					};
				};
			};
			buildConfigurationList = 149418B02BF3EA000008CA86 /* Build configuration list for PBXProject "baybayin" */;
			compatibilityVersion = "Xcode 14.0";
			developmentRegion = en;
			hasScannedForEncodings = 0;
			knownRegions = (
				en,
				Base,
			);
			mainGroup = 149418AC2BF3E9FF0008CA86;
			productRefGroup = 149418B62BF3EA000008CA86 /* Products */;
			projectDirPath = "";
			projectRoot = "";
			targets = (
				149418B42BF3EA000008CA86 /* baybayin */,
				149418C42BF3EA020008CA86 /* baybayinTests */,
				149418CE2BF3EA020008CA86 /* baybayinUITests */,
			);
		};
/* End PBXProject section */

/* Begin PBXResourcesBuildPhase section */
		149418B32BF3EA000008CA86 /* Resources */ = {
			isa = PBXResourcesBuildPhase;
			buildActionMask = 2147483647;
			files = (
				149418C02BF3EA020008CA86 /* Preview Assets.xcassets in Resources */,
				149418BD2BF3EA020008CA86 /* Assets.xcassets in Resources */,
			);
			runOnlyForDeploymentPostprocessing = 0;
		};
		149418C32BF3EA020008CA86 /* Resources */ = {
			isa = PBXResourcesBuildPhase;
			buildActionMask = 2147483647;
			files = (
			);
			runOnlyForDeploymentPostprocessing = 0;
		};
		149418CD2BF3EA020008CA86 /* Resources */ = {
			isa = PBXResourcesBuildPhase;
			buildActionMask = 2147483647;
			files = (
			);
			runOnlyForDeploymentPostprocessing = 0;
		};
/* End PBXResourcesBuildPhase section */

/* Begin PBXSourcesBuildPhase section */
		149418B12BF3EA000008CA86 /* Sources */ = {
			isa = PBXSourcesBuildPhase;
			buildActionMask = 2147483647;
			files = (
				1417F7742C4FD7B400EAE70D /* StoriesView.swift in Sources */,
				1417F7782C4FE01100EAE70D /* TranslateView.swift in Sources */,
				149EB8C62C52FF3800D0C831 /* ProfileView.swift in Sources */,
				149418BB2BF3EA000008CA86 /* ContentView.swift in Sources */,
				1441AE462C2B3B17009D24CB /* SettingsView.swift in Sources */,
				143125512C4AE66900B6FF7C /* LessonView.swift in Sources */,
				1431254F2C4AC5C700B6FF7C /* LessonsView.swift in Sources */,
				143125572C4B247F00B6FF7C /* PracticeView.swift in Sources */,
				143125532C4B106800B6FF7C /* DictionaryView.swift in Sources */,
				149418B92BF3EA000008CA86 /* baybayinApp.swift in Sources */,
			);
			runOnlyForDeploymentPostprocessing = 0;
		};
		149418C12BF3EA020008CA86 /* Sources */ = {
			isa = PBXSourcesBuildPhase;
			buildActionMask = 2147483647;
			files = (
				149418CA2BF3EA020008CA86 /* baybayinTests.swift in Sources */,
			);
			runOnlyForDeploymentPostprocessing = 0;
		};
		149418CB2BF3EA020008CA86 /* Sources */ = {
			isa = PBXSourcesBuildPhase;
			buildActionMask = 2147483647;
			files = (
				149418D62BF3EA020008CA86 /* baybayinUITestsLaunchTests.swift in Sources */,
				149418D42BF3EA020008CA86 /* baybayinUITests.swift in Sources */,
			);
			runOnlyForDeploymentPostprocessing = 0;
		};
/* End PBXSourcesBuildPhase section */

/* Begin PBXTargetDependency section */
		149418C72BF3EA020008CA86 /* PBXTargetDependency */ = {
			isa = PBXTargetDependency;
			target = 149418B42BF3EA000008CA86 /* baybayin */;
			targetProxy = 149418C62BF3EA020008CA86 /* PBXContainerItemProxy */;
		};
		149418D12BF3EA020008CA86 /* PBXTargetDependency */ = {
			isa = PBXTargetDependency;
			target = 149418B42BF3EA000008CA86 /* baybayin */;
			targetProxy = 149418D02BF3EA020008CA86 /* PBXContainerItemProxy */;
		};
/* End PBXTargetDependency section */

/* Begin XCBuildConfiguration section */
		149418D72BF3EA020008CA86 /* Debug */ = {
			isa = XCBuildConfiguration;
			buildSettings = {
				ALWAYS_SEARCH_USER_PATHS = NO;
				ASSETCATALOG_COMPILER_GENERATE_SWIFT_ASSET_SYMBOL_EXTENSIONS = YES;
				CLANG_ANALYZER_NONNULL = YES;
				CLANG_ANALYZER_NUMBER_OBJECT_CONVERSION = YES_AGGRESSIVE;
				CLANG_CXX_LANGUAGE_STANDARD = "gnu++20";
				CLANG_ENABLE_MODULES = YES;
				CLANG_ENABLE_OBJC_ARC = YES;
				CLANG_ENABLE_OBJC_WEAK = YES;
				CLANG_WARN_BLOCK_CAPTURE_AUTORELEASING = YES;
				CLANG_WARN_BOOL_CONVERSION = YES;
				CLANG_WARN_COMMA = YES;
				CLANG_WARN_CONSTANT_CONVERSION = YES;
				CLANG_WARN_DEPRECATED_OBJC_IMPLEMENTATIONS = YES;
				CLANG_WARN_DIRECT_OBJC_ISA_USAGE = YES_ERROR;
				CLANG_WARN_DOCUMENTATION_COMMENTS = YES;
				CLANG_WARN_EMPTY_BODY = YES;
				CLANG_WARN_ENUM_CONVERSION = YES;
				CLANG_WARN_INFINITE_RECURSION = YES;
				CLANG_WARN_INT_CONVERSION = YES;
				CLANG_WARN_NON_LITERAL_NULL_CONVERSION = YES;
				CLANG_WARN_OBJC_IMPLICIT_RETAIN_SELF = YES;
				CLANG_WARN_OBJC_LITERAL_CONVERSION = YES;
				CLANG_WARN_OBJC_ROOT_CLASS = YES_ERROR;
				CLANG_WARN_QUOTED_INCLUDE_IN_FRAMEWORK_HEADER = YES;
				CLANG_WARN_RANGE_LOOP_ANALYSIS = YES;
				CLANG_WARN_STRICT_PROTOTYPES = YES;
				CLANG_WARN_SUSPICIOUS_MOVE = YES;
				CLANG_WARN_UNGUARDED_AVAILABILITY = YES_AGGRESSIVE;
				CLANG_WARN_UNREACHABLE_CODE = YES;
				CLANG_WARN__DUPLICATE_METHOD_MATCH = YES;
				COPY_PHASE_STRIP = NO;
				DEBUG_INFORMATION_FORMAT = dwarf;
				ENABLE_STRICT_OBJC_MSGSEND = YES;
				ENABLE_TESTABILITY = YES;
				ENABLE_USER_SCRIPT_SANDBOXING = YES;
				GCC_C_LANGUAGE_STANDARD = gnu17;
				GCC_DYNAMIC_NO_PIC = NO;
				GCC_NO_COMMON_BLOCKS = YES;
				GCC_OPTIMIZATION_LEVEL = 0;
				GCC_PREPROCESSOR_DEFINITIONS = (
					"DEBUG=1",
					"$(inherited)",
				);
				GCC_WARN_64_TO_32_BIT_CONVERSION = YES;
				GCC_WARN_ABOUT_RETURN_TYPE = YES_ERROR;
				GCC_WARN_UNDECLARED_SELECTOR = YES;
				GCC_WARN_UNINITIALIZED_AUTOS = YES_AGGRESSIVE;
				GCC_WARN_UNUSED_FUNCTION = YES;
				GCC_WARN_UNUSED_VARIABLE = YES;
				IPHONEOS_DEPLOYMENT_TARGET = 17.4;
				LOCALIZATION_PREFERS_STRING_CATALOGS = YES;
				MTL_ENABLE_DEBUG_INFO = INCLUDE_SOURCE;
				MTL_FAST_MATH = YES;
				ONLY_ACTIVE_ARCH = YES;
				SDKROOT = iphoneos;
				SWIFT_ACTIVE_COMPILATION_CONDITIONS = "DEBUG $(inherited)";
				SWIFT_OPTIMIZATION_LEVEL = "-Onone";
			};
			name = Debug;
		};
		149418D82BF3EA020008CA86 /* Release */ = {
			isa = XCBuildConfiguration;
			buildSettings = {
				ALWAYS_SEARCH_USER_PATHS = NO;
				ASSETCATALOG_COMPILER_GENERATE_SWIFT_ASSET_SYMBOL_EXTENSIONS = YES;
				CLANG_ANALYZER_NONNULL = YES;
				CLANG_ANALYZER_NUMBER_OBJECT_CONVERSION = YES_AGGRESSIVE;
				CLANG_CXX_LANGUAGE_STANDARD = "gnu++20";
				CLANG_ENABLE_MODULES = YES;
				CLANG_ENABLE_OBJC_ARC = YES;
				CLANG_ENABLE_OBJC_WEAK = YES;
				CLANG_WARN_BLOCK_CAPTURE_AUTORELEASING = YES;
				CLANG_WARN_BOOL_CONVERSION = YES;
				CLANG_WARN_COMMA = YES;
				CLANG_WARN_CONSTANT_CONVERSION = YES;
				CLANG_WARN_DEPRECATED_OBJC_IMPLEMENTATIONS = YES;
				CLANG_WARN_DIRECT_OBJC_ISA_USAGE = YES_ERROR;
				CLANG_WARN_DOCUMENTATION_COMMENTS = YES;
				CLANG_WARN_EMPTY_BODY = YES;
				CLANG_WARN_ENUM_CONVERSION = YES;
				CLANG_WARN_INFINITE_RECURSION = YES;
				CLANG_WARN_INT_CONVERSION = YES;
				CLANG_WARN_NON_LITERAL_NULL_CONVERSION = YES;
				CLANG_WARN_OBJC_IMPLICIT_RETAIN_SELF = YES;
				CLANG_WARN_OBJC_LITERAL_CONVERSION = YES;
				CLANG_WARN_OBJC_ROOT_CLASS = YES_ERROR;
				CLANG_WARN_QUOTED_INCLUDE_IN_FRAMEWORK_HEADER = YES;
				CLANG_WARN_RANGE_LOOP_ANALYSIS = YES;
				CLANG_WARN_STRICT_PROTOTYPES = YES;
				CLANG_WARN_SUSPICIOUS_MOVE = YES;
				CLANG_WARN_UNGUARDED_AVAILABILITY = YES_AGGRESSIVE;
				CLANG_WARN_UNREACHABLE_CODE = YES;
				CLANG_WARN__DUPLICATE_METHOD_MATCH = YES;
				COPY_PHASE_STRIP = NO;
				DEBUG_INFORMATION_FORMAT = "dwarf-with-dsym";
				ENABLE_NS_ASSERTIONS = NO;
				ENABLE_STRICT_OBJC_MSGSEND = YES;
				ENABLE_USER_SCRIPT_SANDBOXING = YES;
				GCC_C_LANGUAGE_STANDARD = gnu17;
				GCC_NO_COMMON_BLOCKS = YES;
				GCC_WARN_64_TO_32_BIT_CONVERSION = YES;
				GCC_WARN_ABOUT_RETURN_TYPE = YES_ERROR;
				GCC_WARN_UNDECLARED_SELECTOR = YES;
				GCC_WARN_UNINITIALIZED_AUTOS = YES_AGGRESSIVE;
				GCC_WARN_UNUSED_FUNCTION = YES;
				GCC_WARN_UNUSED_VARIABLE = YES;
				IPHONEOS_DEPLOYMENT_TARGET = 17.4;
				LOCALIZATION_PREFERS_STRING_CATALOGS = YES;
				MTL_ENABLE_DEBUG_INFO = NO;
				MTL_FAST_MATH = YES;
				SDKROOT = iphoneos;
				SWIFT_COMPILATION_MODE = wholemodule;
				VALIDATE_PRODUCT = YES;
			};
			name = Release;
		};
		149418DA2BF3EA020008CA86 /* Debug */ = {
			isa = XCBuildConfiguration;
			buildSettings = {
				ASSETCATALOG_COMPILER_APPICON_NAME = AppIcon;
				ASSETCATALOG_COMPILER_GLOBAL_ACCENT_COLOR_NAME = AccentColor;
				CODE_SIGN_STYLE = Automatic;
				CURRENT_PROJECT_VERSION = 1;
				DEVELOPMENT_ASSET_PATHS = "\"baybayin/Preview Content\"";
				DEVELOPMENT_TEAM = 9N6JWJFBU7;
				ENABLE_PREVIEWS = YES;
				GENERATE_INFOPLIST_FILE = YES;
				INFOPLIST_KEY_UIApplicationSceneManifest_Generation = YES;
				INFOPLIST_KEY_UIApplicationSupportsIndirectInputEvents = YES;
				INFOPLIST_KEY_UILaunchScreen_Generation = YES;
				INFOPLIST_KEY_UISupportedInterfaceOrientations_iPad = "UIInterfaceOrientationPortrait UIInterfaceOrientationPortraitUpsideDown UIInterfaceOrientationLandscapeLeft UIInterfaceOrientationLandscapeRight";
				INFOPLIST_KEY_UISupportedInterfaceOrientations_iPhone = "UIInterfaceOrientationPortrait UIInterfaceOrientationLandscapeLeft UIInterfaceOrientationLandscapeRight";
				LD_RUNPATH_SEARCH_PATHS = (
					"$(inherited)",
					"@executable_path/Frameworks",
				);
				MARKETING_VERSION = 1.0;
				PRODUCT_BUNDLE_IDENTIFIER = sean.app.baybayin;
				PRODUCT_NAME = "$(TARGET_NAME)";
				SWIFT_EMIT_LOC_STRINGS = YES;
				SWIFT_VERSION = 5.0;
				TARGETED_DEVICE_FAMILY = "1,2";
			};
			name = Debug;
		};
		149418DB2BF3EA020008CA86 /* Release */ = {
			isa = XCBuildConfiguration;
			buildSettings = {
				ASSETCATALOG_COMPILER_APPICON_NAME = AppIcon;
				ASSETCATALOG_COMPILER_GLOBAL_ACCENT_COLOR_NAME = AccentColor;
				CODE_SIGN_STYLE = Automatic;
				CURRENT_PROJECT_VERSION = 1;
				DEVELOPMENT_ASSET_PATHS = "\"baybayin/Preview Content\"";
				DEVELOPMENT_TEAM = 9N6JWJFBU7;
				ENABLE_PREVIEWS = YES;
				GENERATE_INFOPLIST_FILE = YES;
				INFOPLIST_KEY_UIApplicationSceneManifest_Generation = YES;
				INFOPLIST_KEY_UIApplicationSupportsIndirectInputEvents = YES;
				INFOPLIST_KEY_UILaunchScreen_Generation = YES;
				INFOPLIST_KEY_UISupportedInterfaceOrientations_iPad = "UIInterfaceOrientationPortrait UIInterfaceOrientationPortraitUpsideDown UIInterfaceOrientationLandscapeLeft UIInterfaceOrientationLandscapeRight";
				INFOPLIST_KEY_UISupportedInterfaceOrientations_iPhone = "UIInterfaceOrientationPortrait UIInterfaceOrientationLandscapeLeft UIInterfaceOrientationLandscapeRight";
				LD_RUNPATH_SEARCH_PATHS = (
					"$(inherited)",
					"@executable_path/Frameworks",
				);
				MARKETING_VERSION = 1.0;
				PRODUCT_BUNDLE_IDENTIFIER = sean.app.baybayin;
				PRODUCT_NAME = "$(TARGET_NAME)";
				SWIFT_EMIT_LOC_STRINGS = YES;
				SWIFT_VERSION = 5.0;
				TARGETED_DEVICE_FAMILY = "1,2";
			};
			name = Release;
		};
		149418DD2BF3EA020008CA86 /* Debug */ = {
			isa = XCBuildConfiguration;
			buildSettings = {
				ALWAYS_EMBED_SWIFT_STANDARD_LIBRARIES = YES;
				BUNDLE_LOADER = "$(TEST_HOST)";
				CODE_SIGN_STYLE = Automatic;
				CURRENT_PROJECT_VERSION = 1;
				GENERATE_INFOPLIST_FILE = YES;
				IPHONEOS_DEPLOYMENT_TARGET = 17.4;
				MARKETING_VERSION = 1.0;
				PRODUCT_BUNDLE_IDENTIFIER = sean.app.baybayinTests;
				PRODUCT_NAME = "$(TARGET_NAME)";
				SWIFT_EMIT_LOC_STRINGS = NO;
				SWIFT_VERSION = 5.0;
				TARGETED_DEVICE_FAMILY = "1,2";
				TEST_HOST = "$(BUILT_PRODUCTS_DIR)/baybayin.app/$(BUNDLE_EXECUTABLE_FOLDER_PATH)/baybayin";
			};
			name = Debug;
		};
		149418DE2BF3EA020008CA86 /* Release */ = {
			isa = XCBuildConfiguration;
			buildSettings = {
				ALWAYS_EMBED_SWIFT_STANDARD_LIBRARIES = YES;
				BUNDLE_LOADER = "$(TEST_HOST)";
				CODE_SIGN_STYLE = Automatic;
				CURRENT_PROJECT_VERSION = 1;
				GENERATE_INFOPLIST_FILE = YES;
				IPHONEOS_DEPLOYMENT_TARGET = 17.4;
				MARKETING_VERSION = 1.0;
				PRODUCT_BUNDLE_IDENTIFIER = sean.app.baybayinTests;
				PRODUCT_NAME = "$(TARGET_NAME)";
				SWIFT_EMIT_LOC_STRINGS = NO;
				SWIFT_VERSION = 5.0;
				TARGETED_DEVICE_FAMILY = "1,2";
				TEST_HOST = "$(BUILT_PRODUCTS_DIR)/baybayin.app/$(BUNDLE_EXECUTABLE_FOLDER_PATH)/baybayin";
			};
			name = Release;
		};
		149418E02BF3EA020008CA86 /* Debug */ = {
			isa = XCBuildConfiguration;
			buildSettings = {
				ALWAYS_EMBED_SWIFT_STANDARD_LIBRARIES = YES;
				CODE_SIGN_STYLE = Automatic;
				CURRENT_PROJECT_VERSION = 1;
				GENERATE_INFOPLIST_FILE = YES;
				MARKETING_VERSION = 1.0;
				PRODUCT_BUNDLE_IDENTIFIER = sean.app.baybayinUITests;
				PRODUCT_NAME = "$(TARGET_NAME)";
				SWIFT_EMIT_LOC_STRINGS = NO;
				SWIFT_VERSION = 5.0;
				TARGETED_DEVICE_FAMILY = "1,2";
				TEST_TARGET_NAME = baybayin;
			};
			name = Debug;
		};
		149418E12BF3EA020008CA86 /* Release */ = {
			isa = XCBuildConfiguration;
			buildSettings = {
				ALWAYS_EMBED_SWIFT_STANDARD_LIBRARIES = YES;
				CODE_SIGN_STYLE = Automatic;
				CURRENT_PROJECT_VERSION = 1;
				GENERATE_INFOPLIST_FILE = YES;
				MARKETING_VERSION = 1.0;
				PRODUCT_BUNDLE_IDENTIFIER = sean.app.baybayinUITests;
				PRODUCT_NAME = "$(TARGET_NAME)";
				SWIFT_EMIT_LOC_STRINGS = NO;
				SWIFT_VERSION = 5.0;
				TARGETED_DEVICE_FAMILY = "1,2";
				TEST_TARGET_NAME = baybayin;
			};
			name = Release;
		};
/* End XCBuildConfiguration section */

/* Begin XCConfigurationList section */
		149418B02BF3EA000008CA86 /* Build configuration list for PBXProject "baybayin" */ = {
			isa = XCConfigurationList;
			buildConfigurations = (
				149418D72BF3EA020008CA86 /* Debug */,
				149418D82BF3EA020008CA86 /* Release */,
			);
			defaultConfigurationIsVisible = 0;
			defaultConfigurationName = Release;
		};
		149418D92BF3EA020008CA86 /* Build configuration list for PBXNativeTarget "baybayin" */ = {
			isa = XCConfigurationList;
			buildConfigurations = (
				149418DA2BF3EA020008CA86 /* Debug */,
				149418DB2BF3EA020008CA86 /* Release */,
			);
			defaultConfigurationIsVisible = 0;
			defaultConfigurationName = Release;
		};
		149418DC2BF3EA020008CA86 /* Build configuration list for PBXNativeTarget "baybayinTests" */ = {
			isa = XCConfigurationList;
			buildConfigurations = (
				149418DD2BF3EA020008CA86 /* Debug */,
				149418DE2BF3EA020008CA86 /* Release */,
			);
			defaultConfigurationIsVisible = 0;
			defaultConfigurationName = Release;
		};
		149418DF2BF3EA020008CA86 /* Build configuration list for PBXNativeTarget "baybayinUITests" */ = {
			isa = XCConfigurationList;
			buildConfigurations = (
				149418E02BF3EA020008CA86 /* Debug */,
				149418E12BF3EA020008CA86 /* Release */,
			);
			defaultConfigurationIsVisible = 0;
			defaultConfigurationName = Release;
		};
/* End XCConfigurationList section */
	};
	rootObject = 149418AD2BF3EA000008CA86 /* Project object */;
}
